
Microsoft Visual Studio Solution File, Format Version 12.00
# Visual Studio Version 16
VisualStudioVersion = 16.0.29102.190
MinimumVisualStudioVersion = 10.0.40219.1
Project("{FAE04EC0-301F-11D3-BF4B-00C04F79EFBC}") = "Lab4", "Lab4\Lab4.csproj", "{817C87E7-5542-4475-85D9-D43351DA9548}"
EndProject
Global
	GlobalSection(SolutionConfigurationPlatforms) = preSolution
		Debug|Any CPU = Debug|Any CPU
		Release|Any CPU = Release|Any CPU
	EndGlobalSection
	GlobalSection(ProjectConfigurationPlatforms) = postSolution
		{817C87E7-5542-4475-85D9-D43351DA9548}.Debug|Any CPU.ActiveCfg = Debug|Any CPU
		{817C87E7-5542-4475-85D9-D43351DA9548}.Debug|Any CPU.Build.0 = Debug|Any CPU
		{817C87E7-5542-4475-85D9-D43351DA9548}.Release|Any CPU.ActiveCfg = Release|Any CPU
		{817C87E7-5542-4475-85D9-D43351DA9548}.Release|Any CPU.Build.0 = Release|Any CPU
	EndGlobalSection
	GlobalSection(SolutionProperties) = preSolution
		HideSolutionNode = FALSE
	EndGlobalSection
	GlobalSection(ExtensibilityGlobals) = postSolution
		SolutionGuid = {40EE9194-AB66-4FAF-A772-B776873610EA}
	EndGlobalSection
EndGlobal
